[[package]]
category = "main"
description = "Foreign Function Interface for Python calling C code."
marker = "sys_platform == \"win32\" and platform_python_implementation == \"CPython\""
name = "cffi"
optional = false
python-versions = "*"
version = "1.12.3"

[package.dependencies]
pycparser = "*"

[[package]]
category = "main"
description = "Composable command line interface toolkit"
name = "click"
optional = false
python-versions = ">=2.7, !=3.0.*, !=3.1.*, !=3.2.*, !=3.3.*"
version = "7.0"

[[package]]
category = "main"
description = "A simple framework for building complex web applications."
name = "flask"
optional = false
python-versions = ">=2.7, !=3.0.*, !=3.1.*, !=3.2.*, !=3.3.*, !=3.4.*"
version = "1.1.1"

[package.dependencies]
Jinja2 = ">=2.10.1"
Werkzeug = ">=0.15"
click = ">=5.1"
itsdangerous = ">=0.24"

[[package]]
category = "main"
description = "Elegant WebSockets for your Flask apps."
name = "flask-sockets"
optional = false
python-versions = "*"
version = "0.2.1"

[package.dependencies]
Flask = "*"
gevent = "*"
gevent-websocket = "*"

[[package]]
category = "main"
description = "Coroutine-based network library"
name = "gevent"
optional = false
python-versions = ">=2.7,!=3.0.*,!=3.1.*,!=3.2.*,!=3.3.*"
version = "1.4.0"

[package.dependencies]
cffi = ">=1.11.5"
greenlet = ">=0.4.14"

[[package]]
category = "main"
description = "Websocket handler for the gevent pywsgi server, a Python network library"
name = "gevent-websocket"
optional = false
python-versions = "*"
version = "0.10.1"

[package.dependencies]
gevent = "*"

[[package]]
category = "main"
description = "Lightweight in-process concurrent programming"
marker = "platform_python_implementation == \"CPython\""
name = "greenlet"
optional = false
python-versions = "*"
version = "0.4.15"

[[package]]
category = "main"
description = "WSGI HTTP Server for UNIX"
name = "gunicorn"
optional = false
python-versions = ">=2.6, !=3.0.*, !=3.1.*"
version = "19.9.0"

[[package]]
category = "main"
description = "Various helpers to pass data to untrusted environments and back."
name = "itsdangerous"
optional = false
python-versions = ">=2.7, !=3.0.*, !=3.1.*, !=3.2.*, !=3.3.*"
version = "1.1.0"

[[package]]
category = "main"
description = "A small but fast and easy to use stand-alone template engine written in pure python."
name = "jinja2"
optional = false
python-versions = "*"
version = "2.10.1"

[package.dependencies]
MarkupSafe = ">=0.23"

[[package]]
category = "main"
description = "Safely add untrusted strings to HTML/XML markup."
name = "markupsafe"
optional = false
python-versions = ">=2.7,!=3.0.*,!=3.1.*,!=3.2.*,!=3.3.*"
version = "1.1.1"

[[package]]
category = "main"
description = "C parser in Python"
marker = "sys_platform == \"win32\" and platform_python_implementation == \"CPython\""
name = "pycparser"
optional = false
python-versions = ">=2.7, !=3.0.*, !=3.1.*, !=3.2.*, !=3.3.*"
version = "2.19"

[[package]]
category = "main"
description = "Python client for Redis key-value store"
name = "redis"
optional = false
python-versions = ">=2.7, !=3.0.*, !=3.1.*, !=3.2.*, !=3.3.*"
version = "3.3.8"

[[package]]
category = "main"
description = "An implementation of the WebSocket Protocol (RFC 6455 & 7692)"
name = "websockets"
optional = false
python-versions = ">=3.6"
version = "8.0.2"

[[package]]
category = "main"
description = "The comprehensive WSGI web application library."
name = "werkzeug"
optional = false
python-versions = ">=2.7, !=3.0.*, !=3.1.*, !=3.2.*, !=3.3.*"
version = "0.16.0"

[metadata]
content-hash = "7d669280295dedd570fd87f7a1f83d4397d2afd085950f448e8358daba5974ef"
python-versions = "^3.7"

[metadata.hashes]
cffi = ["041c81822e9f84b1d9c401182e174996f0bae9991f33725d059b771744290774", "046ef9a22f5d3eed06334d01b1e836977eeef500d9b78e9ef693f9380ad0b83d", "066bc4c7895c91812eff46f4b1c285220947d4aa46fa0a2651ff85f2afae9c90", "066c7ff148ae33040c01058662d6752fd73fbc8e64787229ea8498c7d7f4041b", "2444d0c61f03dcd26dbf7600cf64354376ee579acad77aef459e34efcb438c63", "300832850b8f7967e278870c5d51e3819b9aad8f0a2c8dbe39ab11f119237f45", "34c77afe85b6b9e967bd8154e3855e847b70ca42043db6ad17f26899a3df1b25", "46de5fa00f7ac09f020729148ff632819649b3e05a007d286242c4882f7b1dc3", "4aa8ee7ba27c472d429b980c51e714a24f47ca296d53f4d7868075b175866f4b", "4d0004eb4351e35ed950c14c11e734182591465a33e960a4ab5e8d4f04d72647", "4e3d3f31a1e202b0f5a35ba3bc4eb41e2fc2b11c1eff38b362de710bcffb5016", "50bec6d35e6b1aaeb17f7c4e2b9374ebf95a8975d57863546fa83e8d31bdb8c4", "55cad9a6df1e2a1d62063f79d0881a414a906a6962bc160ac968cc03ed3efcfb", "5662ad4e4e84f1eaa8efce5da695c5d2e229c563f9d5ce5b0113f71321bcf753", "59b4dc008f98fc6ee2bb4fd7fc786a8d70000d058c2bbe2698275bc53a8d3fa7", "73e1ffefe05e4ccd7bcea61af76f36077b914f92b76f95ccf00b0c1b9186f3f9", "a1f0fd46eba2d71ce1589f7e50a9e2ffaeb739fb2c11e8192aa2b45d5f6cc41f", "a2e85dc204556657661051ff4bab75a84e968669765c8a2cd425918699c3d0e8", "a5457d47dfff24882a21492e5815f891c0ca35fefae8aa742c6c263dac16ef1f", "a8dccd61d52a8dae4a825cdbb7735da530179fea472903eb871a5513b5abbfdc", "ae61af521ed676cf16ae94f30fe202781a38d7178b6b4ab622e4eec8cefaff42", "b012a5edb48288f77a63dba0840c92d0504aa215612da4541b7b42d849bc83a3", "d2c5cfa536227f57f97c92ac30c8109688ace8fa4ac086d19d0af47d134e2909", "d42b5796e20aacc9d15e66befb7a345454eef794fdb0737d1af593447c6c8f45", "dee54f5d30d775f525894d67b1495625dd9322945e7fee00731952e0368ff42d", "e070535507bd6aa07124258171be2ee8dfc19119c28ca94c9dfb7efd23564512", "e1ff2748c84d97b065cc95429814cdba39bcbd77c9c85c89344b317dc0d9cbff", "ed851c75d1e0e043cbf5ca9a8e1b13c4c90f3fbd863dacb01c0808e2b5204201"]
click = ["2335065e6395b9e67ca716de5f7526736bfa6ceead690adf616d925bdc622b13", "5b94b49521f6456670fdb30cd82a4eca9412788a93fa6dd6df72c94d5a8ff2d7"]
flask = ["13f9f196f330c7c2c5d7a5cf91af894110ca0215ac051b5844701f2bfd934d52", "45eb5a6fd193d6cf7e0cf5d8a5b31f83d5faae0293695626f539a823e93b13f6"]
flask-sockets = ["072927da8edca0e81e024f5787e643c87d80b351b714de95d723becb30e0643b", "350a76d55f5889f64afd2ca9b32f262680b7960965f0830365576307d30cfe1e"]
gevent = ["0774babec518a24d9a7231d4e689931f31b332c4517a771e532002614e270a64", "0e1e5b73a445fe82d40907322e1e0eec6a6745ca3cea19291c6f9f50117bb7ea", "0ff2b70e8e338cf13bedf146b8c29d475e2a544b5d1fe14045aee827c073842c", "107f4232db2172f7e8429ed7779c10f2ed16616d75ffbe77e0e0c3fcdeb51a51", "14b4d06d19d39a440e72253f77067d27209c67e7611e352f79fe69e0f618f76e", "1b7d3a285978b27b469c0ff5fb5a72bcd69f4306dbbf22d7997d83209a8ba917", "1eb7fa3b9bd9174dfe9c3b59b7a09b768ecd496debfc4976a9530a3e15c990d1", "2711e69788ddb34c059a30186e05c55a6b611cb9e34ac343e69cf3264d42fe1c", "28a0c5417b464562ab9842dd1fb0cc1524e60494641d973206ec24d6ec5f6909", "3249011d13d0c63bea72d91cec23a9cf18c25f91d1f115121e5c9113d753fa12", "44089ed06a962a3a70e96353c981d628b2d4a2f2a75ea5d90f916a62d22af2e8", "4bfa291e3c931ff3c99a349d8857605dca029de61d74c6bb82bd46373959c942", "50024a1ee2cf04645535c5ebaeaa0a60c5ef32e262da981f4be0546b26791950", "53b72385857e04e7faca13c613c07cab411480822ac658d97fd8a4ddbaf715c8", "74b7528f901f39c39cdbb50cdf08f1a2351725d9aebaef212a29abfbb06895ee", "7d0809e2991c9784eceeadef01c27ee6a33ca09ebba6154317a257353e3af922", "896b2b80931d6b13b5d9feba3d4eebc67d5e6ec54f0cf3339d08487d55d93b0e", "8d9ec51cc06580f8c21b41fd3f2b3465197ba5b23c00eb7d422b7ae0380510b0", "9f7a1e96fec45f70ad364e46de32ccacab4d80de238bd3c2edd036867ccd48ad", "ab4dc33ef0e26dc627559786a4fba0c2227f125db85d970abbf85b77506b3f51", "d1e6d1f156e999edab069d79d890859806b555ce4e4da5b6418616322f0a3df1", "d752bcf1b98174780e2317ada12013d612f05116456133a6acf3e17d43b71f05", "e5bcc4270671936349249d26140c267397b7b4b1381f5ec8b13c53c5b53ab6e1"]
gevent-websocket = ["17b67d91282f8f4c973eba0551183fc84f56f1c90c8f6b6b30256f31f66f5242", "7eaef32968290c9121f7c35b973e2cc302ffb076d018c9068d2f5ca8b2d85fb0"]
greenlet = ["000546ad01e6389e98626c1367be58efa613fa82a1be98b0c6fc24b563acc6d0", "0d48200bc50cbf498716712129eef819b1729339e34c3ae71656964dac907c28", "23d12eacffa9d0f290c0fe0c4e81ba6d5f3a5b7ac3c30a5eaf0126bf4deda5c8", "37c9ba82bd82eb6a23c2e5acc03055c0e45697253b2393c9a50cef76a3985304", "51503524dd6f152ab4ad1fbd168fc6c30b5795e8c70be4410a64940b3abb55c0", "8041e2de00e745c0e05a502d6e6db310db7faa7c979b3a5877123548a4c0b214", "81fcd96a275209ef117e9ec91f75c731fa18dcfd9ffaa1c0adbdaa3616a86043", "853da4f9563d982e4121fed8c92eea1a4594a2299037b3034c3c898cb8e933d6", "8b4572c334593d449113f9dc8d19b93b7b271bdbe90ba7509eb178923327b625", "9416443e219356e3c31f1f918a91badf2e37acf297e2fa13d24d1cc2380f8fbc", "9854f612e1b59ec66804931df5add3b2d5ef0067748ea29dc60f0efdcda9a638", "99a26afdb82ea83a265137a398f570402aa1f2b5dfb4ac3300c026931817b163", "a19bf883b3384957e4a4a13e6bd1ae3d85ae87f4beb5957e35b0be287f12f4e4", "a9f145660588187ff835c55a7d2ddf6abfc570c2651c276d3d4be8a2766db490", "ac57fcdcfb0b73bb3203b58a14501abb7e5ff9ea5e2edfa06bb03035f0cff248", "bcb530089ff24f6458a81ac3fa699e8c00194208a724b644ecc68422e1111939", "beeabe25c3b704f7d56b573f7d2ff88fc99f0138e43480cecdfcaa3b87fe4f87", "d634a7ea1fc3380ff96f9e44d8d22f38418c1c381d5fac680b272d7d90883720", "d97b0661e1aead761f0ded3b769044bb00ed5d33e1ec865e891a8b128bf7c656"]
gunicorn = ["aa8e0b40b4157b36a5df5e599f45c9c76d6af43845ba3b3b0efe2c70473c2471", "fa2662097c66f920f53f70621c6c58ca4a3c4d3434205e608e121b5b3b71f4f3"]
itsdangerous = ["321b033d07f2a4136d3ec762eac9f16a10ccd60f53c0c91af90217ace7ba1f19", "b12271b2047cb23eeb98c8b5622e2e5c5e9abd9784a153e9d8ef9cb4dd09d749"]
jinja2 = ["065c4f02ebe7f7cf559e49ee5a95fb800a9e4528727aec6f24402a5374c65013", "14dd6caf1527abb21f08f86c784eac40853ba93edb79552aa1e4b8aef1b61c7b"]
markupsafe = ["00bc623926325b26bb9605ae9eae8a215691f33cae5df11ca5424f06f2d1f473", "09027a7803a62ca78792ad89403b1b7a73a01c8cb65909cd876f7fcebd79b161", "09c4b7f37d6c648cb13f9230d847adf22f8171b1ccc4d5682398e77f40309235", "1027c282dad077d0bae18be6794e6b6b8c91d58ed8a8d89a89d59693b9131db5", "24982cc2533820871eba85ba648cd53d8623687ff11cbb805be4ff7b4c971aff", "29872e92839765e546828bb7754a68c418d927cd064fd4708fab9fe9c8bb116b", "43a55c2930bbc139570ac2452adf3d70cdbb3cfe5912c71cdce1c2c6bbd9c5d1", "46c99d2de99945ec5cb54f23c8cd5689f6d7177305ebff350a58ce5f8de1669e", "500d4957e52ddc3351cabf489e79c91c17f6e0899158447047588650b5e69183", "535f6fc4d397c1563d08b88e485c3496cf5784e927af890fb3c3aac7f933ec66", "62fe6c95e3ec8a7fad637b7f3d372c15ec1caa01ab47926cfdf7a75b40e0eac1", "6dd73240d2af64df90aa7c4e7481e23825ea70af4b4922f8ede5b9e35f78a3b1", "717ba8fe3ae9cc0006d7c451f0bb265ee07739daf76355d06366154ee68d221e", "79855e1c5b8da654cf486b830bd42c06e8780cea587384cf6545b7d9ac013a0b", "7c1699dfe0cf8ff607dbdcc1e9b9af1755371f92a68f706051cc8c37d447c905", "88e5fcfb52ee7b911e8bb6d6aa2fd21fbecc674eadd44118a9cc3863f938e735", "8defac2f2ccd6805ebf65f5eeb132adcf2ab57aa11fdf4c0dd5169a004710e7d", "98c7086708b163d425c67c7a91bad6e466bb99d797aa64f965e9d25c12111a5e", "9add70b36c5666a2ed02b43b335fe19002ee5235efd4b8a89bfcf9005bebac0d", "9bf40443012702a1d2070043cb6291650a0841ece432556f784f004937f0f32c", "ade5e387d2ad0d7ebf59146cc00c8044acbd863725f887353a10df825fc8ae21", "b00c1de48212e4cc9603895652c5c410df699856a2853135b3967591e4beebc2", "b1282f8c00509d99fef04d8ba936b156d419be841854fe901d8ae224c59f0be5", "b2051432115498d3562c084a49bba65d97cf251f5a331c64a12ee7e04dacc51b", "ba59edeaa2fc6114428f1637ffff42da1e311e29382d81b339c1817d37ec93c6", "c8716a48d94b06bb3b2524c2b77e055fb313aeb4ea620c8dd03a105574ba704f", "cd5df75523866410809ca100dc9681e301e3c27567cf498077e8551b6d20e42f", "e249096428b3ae81b08327a63a485ad0878de3fb939049038579ac0ef61e17e7"]
pycparser = ["a988718abfad80b6b157acce7bf130a30876d27603738ac39f140993246b25b3"]
redis = ["98a22fb750c9b9bb46e75e945dc3f61d0ab30d06117cbb21ff9cd1d315fedd3b", "c504251769031b0dd7dd5cf786050a6050197c6de0d37778c80c08cb04ae8275"]
websockets = ["049e694abe33f8a1d99969fee7bfc0ae6761f7fd5f297c58ea933b27dd6805f2", "73ce69217e4655783ec72ce11c151053fcbd5b837cc39de7999e19605182e28a", "83e63aa73331b9ca21af61df8f115fb5fbcba3f281bee650a4ad16a40cd1ef15", "882a7266fa867a2ebb2c0baaa0f9159cabf131cf18c1b4270d79ad42f9208dc5", "8c77f7d182a6ea2a9d09c2612059f3ad859a90243e899617137ee3f6b7f2b584", "8d7a20a2f97f1e98c765651d9fb9437201a9ccc2c70e94b0270f1c5ef29667a3", "a7affaeffbc5d55681934c16bb6b8fc82bb75b175e7fd4dcca798c938bde8dda", "c82e286555f839846ef4f0fdd6910769a577952e1e26aa8ee7a6f45f040e3c2b", "e906128532a14b9d264a43eb48f9b3080d53a9bda819ab45bf56b8039dc606ac", "e9102043a81cdc8b7c8032ff4bce39f6229e4ac39cb2010946c912eeb84e2cb6", "f5cb2683367e32da6a256b60929a3af9c29c212b5091cf5bace9358d03011bf5"]
werkzeug = ["7280924747b5733b246fe23972186c6b348f9ae29724135a6dfc1e53cea433e7", "e5f4a1f98b52b18a93da705a7458e55afb26f32bff83ff5d19189f92462d65c4"]
